// !$*UTF8*$!
{
	archiveVersion = 1;
	classes = {
	};
	objectVersion = 56;
	objects = {

/* Begin PBXBuildFile section */
		494E5B932A645FA600577BAB /* AttendulatorApp.swift in Sources */ = {isa = PBXBuildFile; fileRef = 494E5B922A645FA600577BAB /* AttendulatorApp.swift */; };
		494E5B952A645FA600577BAB /* ContentView.swift in Sources */ = {isa = PBXBuildFile; fileRef = 494E5B942A645FA600577BAB /* ContentView.swift */; };
		494E5B972A645FA800577BAB /* Assets.xcassets in Resources */ = {isa = PBXBuildFile; fileRef = 494E5B962A645FA800577BAB /* Assets.xcassets */; };
		494E5B9A2A645FA800577BAB /* Preview Assets.xcassets in Resources */ = {isa = PBXBuildFile; fileRef = 494E5B992A645FA800577BAB /* Preview Assets.xcassets */; };
		494E5BA42A6461F300577BAB /* Subject.swift in Sources */ = {isa = PBXBuildFile; fileRef = 494E5BA32A6461F300577BAB /* Subject.swift */; };
		494E5BA62A64623600577BAB /* Lecture.swift in Sources */ = {isa = PBXBuildFile; fileRef = 494E5BA52A64623600577BAB /* Lecture.swift */; };
		494E5BA82A64627000577BAB /* Schedule.swift in Sources */ = {isa = PBXBuildFile; fileRef = 494E5BA72A64627000577BAB /* Schedule.swift */; };
		494E5BAA2A64628700577BAB /* Semester.swift in Sources */ = {isa = PBXBuildFile; fileRef = 494E5BA92A64628700577BAB /* Semester.swift */; };
		494E5BAC2A64631500577BAB /* ViewModel-ContentView.swift in Sources */ = {isa = PBXBuildFile; fileRef = 494E5BAB2A64631500577BAB /* ViewModel-ContentView.swift */; };
		494E5BAE2A6464C900577BAB /* HomeView.swift in Sources */ = {isa = PBXBuildFile; fileRef = 494E5BAD2A6464C900577BAB /* HomeView.swift */; };
		494E5BB02A6464DA00577BAB /* ViewModel-HomeView.swift in Sources */ = {isa = PBXBuildFile; fileRef = 494E5BAF2A6464DA00577BAB /* ViewModel-HomeView.swift */; };
		494E5BB32A6466C600577BAB /* CircularProgressView.swift in Sources */ = {isa = PBXBuildFile; fileRef = 494E5BB22A6466C600577BAB /* CircularProgressView.swift */; };
		494E5BB52A64675C00577BAB /* SubjectDetailView.swift in Sources */ = {isa = PBXBuildFile; fileRef = 494E5BB42A64675C00577BAB /* SubjectDetailView.swift */; };
		494E5BBA2A646ADE00577BAB /* AddSubjectView.swift in Sources */ = {isa = PBXBuildFile; fileRef = 494E5BB92A646ADE00577BAB /* AddSubjectView.swift */; };
		494E5BBC2A646B5A00577BAB /* LectureItemView.swift in Sources */ = {isa = PBXBuildFile; fileRef = 494E5BBB2A646B5A00577BAB /* LectureItemView.swift */; };
		494E5BBE2A646B8400577BAB /* ScheduleView.swift in Sources */ = {isa = PBXBuildFile; fileRef = 494E5BBD2A646B8400577BAB /* ScheduleView.swift */; };
		494E5BC02A646B9A00577BAB /* ViewModel-ScheduleView.swift in Sources */ = {isa = PBXBuildFile; fileRef = 494E5BBF2A646B9A00577BAB /* ViewModel-ScheduleView.swift */; };
		494E5BC22A646C3400577BAB /* AllLecturesView.swift in Sources */ = {isa = PBXBuildFile; fileRef = 494E5BC12A646C3400577BAB /* AllLecturesView.swift */; };
		494E5BC42A646C4B00577BAB /* ViewModel-AllLecturesView.swift in Sources */ = {isa = PBXBuildFile; fileRef = 494E5BC32A646C4B00577BAB /* ViewModel-AllLecturesView.swift */; };
/* End PBXBuildFile section */

/* Begin PBXFileReference section */
		494E5B8F2A645FA600577BAB /* Attendulator.app */ = {isa = PBXFileReference; explicitFileType = wrapper.application; includeInIndex = 0; path = Attendulator.app; sourceTree = BUILT_PRODUCTS_DIR; };
		494E5B922A645FA600577BAB /* AttendulatorApp.swift */ = {isa = PBXFileReference; lastKnownFileType = sourcecode.swift; path = AttendulatorApp.swift; sourceTree = "<group>"; };
		494E5B942A645FA600577BAB /* ContentView.swift */ = {isa = PBXFileReference; lastKnownFileType = sourcecode.swift; path = ContentView.swift; sourceTree = "<group>"; };
		494E5B962A645FA800577BAB /* Assets.xcassets */ = {isa = PBXFileReference; lastKnownFileType = folder.assetcatalog; path = Assets.xcassets; sourceTree = "<group>"; };
		494E5B992A645FA800577BAB /* Preview Assets.xcassets */ = {isa = PBXFileReference; lastKnownFileType = folder.assetcatalog; path = "Preview Assets.xcassets"; sourceTree = "<group>"; };
		494E5BA32A6461F300577BAB /* Subject.swift */ = {isa = PBXFileReference; lastKnownFileType = sourcecode.swift; path = Subject.swift; sourceTree = "<group>"; };
		494E5BA52A64623600577BAB /* Lecture.swift */ = {isa = PBXFileReference; lastKnownFileType = sourcecode.swift; path = Lecture.swift; sourceTree = "<group>"; };
		494E5BA72A64627000577BAB /* Schedule.swift */ = {isa = PBXFileReference; lastKnownFileType = sourcecode.swift; path = Schedule.swift; sourceTree = "<group>"; };
		494E5BA92A64628700577BAB /* Semester.swift */ = {isa = PBXFileReference; lastKnownFileType = sourcecode.swift; path = Semester.swift; sourceTree = "<group>"; };
		494E5BAB2A64631500577BAB /* ViewModel-ContentView.swift */ = {isa = PBXFileReference; lastKnownFileType = sourcecode.swift; path = "ViewModel-ContentView.swift"; sourceTree = "<group>"; };
		494E5BAD2A6464C900577BAB /* HomeView.swift */ = {isa = PBXFileReference; lastKnownFileType = sourcecode.swift; path = HomeView.swift; sourceTree = "<group>"; };
		494E5BAF2A6464DA00577BAB /* ViewModel-HomeView.swift */ = {isa = PBXFileReference; lastKnownFileType = sourcecode.swift; path = "ViewModel-HomeView.swift"; sourceTree = "<group>"; };
		494E5BB22A6466C600577BAB /* CircularProgressView.swift */ = {isa = PBXFileReference; lastKnownFileType = sourcecode.swift; path = CircularProgressView.swift; sourceTree = "<group>"; };
		494E5BB42A64675C00577BAB /* SubjectDetailView.swift */ = {isa = PBXFileReference; lastKnownFileType = sourcecode.swift; path = SubjectDetailView.swift; sourceTree = "<group>"; };
		494E5BB92A646ADE00577BAB /* AddSubjectView.swift */ = {isa = PBXFileReference; lastKnownFileType = sourcecode.swift; path = AddSubjectView.swift; sourceTree = "<group>"; };
		494E5BBB2A646B5A00577BAB /* LectureItemView.swift */ = {isa = PBXFileReference; lastKnownFileType = sourcecode.swift; path = LectureItemView.swift; sourceTree = "<group>"; };
		494E5BBD2A646B8400577BAB /* ScheduleView.swift */ = {isa = PBXFileReference; lastKnownFileType = sourcecode.swift; path = ScheduleView.swift; sourceTree = "<group>"; };
		494E5BBF2A646B9A00577BAB /* ViewModel-ScheduleView.swift */ = {isa = PBXFileReference; lastKnownFileType = sourcecode.swift; path = "ViewModel-ScheduleView.swift"; sourceTree = "<group>"; };
		494E5BC12A646C3400577BAB /* AllLecturesView.swift */ = {isa = PBXFileReference; lastKnownFileType = sourcecode.swift; path = AllLecturesView.swift; sourceTree = "<group>"; };
		494E5BC32A646C4B00577BAB /* ViewModel-AllLecturesView.swift */ = {isa = PBXFileReference; lastKnownFileType = sourcecode.swift; path = "ViewModel-AllLecturesView.swift"; sourceTree = "<group>"; };
/* End PBXFileReference section */

/* Begin PBXFrameworksBuildPhase section */
		494E5B8C2A645FA600577BAB /* Frameworks */ = {
			isa = PBXFrameworksBuildPhase;
			buildActionMask = 2147483647;
			files = (
			);
			runOnlyForDeploymentPostprocessing = 0;
		};
/* End PBXFrameworksBuildPhase section */

/* Begin PBXGroup section */
		494E5B862A645FA600577BAB = {
			isa = PBXGroup;
			children = (
				494E5B912A645FA600577BAB /* Attendulator */,
				494E5B902A645FA600577BAB /* Products */,
			);
			sourceTree = "<group>";
		};
		494E5B902A645FA600577BAB /* Products */ = {
			isa = PBXGroup;
			children = (
				494E5B8F2A645FA600577BAB /* Attendulator.app */,
			);
			name = Products;
			sourceTree = "<group>";
		};
		494E5B912A645FA600577BAB /* Attendulator */ = {
			isa = PBXGroup;
			children = (
				494E5B922A645FA600577BAB /* AttendulatorApp.swift */,
				494E5BA02A6460F700577BAB /* Model */,
				494E5BA12A6460FD00577BAB /* View */,
				494E5BA22A64610500577BAB /* ViewModel */,
				494E5B962A645FA800577BAB /* Assets.xcassets */,
				494E5B982A645FA800577BAB /* Preview Content */,
			);
			path = Attendulator;
			sourceTree = "<group>";
		};
		494E5B982A645FA800577BAB /* Preview Content */ = {
			isa = PBXGroup;
			children = (
				494E5B992A645FA800577BAB /* Preview Assets.xcassets */,
			);
			path = "Preview Content";
			sourceTree = "<group>";
		};
		494E5BA02A6460F700577BAB /* Model */ = {
			isa = PBXGroup;
			children = (
				494E5BA32A6461F300577BAB /* Subject.swift */,
				494E5BA52A64623600577BAB /* Lecture.swift */,
				494E5BA72A64627000577BAB /* Schedule.swift */,
				494E5BA92A64628700577BAB /* Semester.swift */,
			);
			path = Model;
			sourceTree = "<group>";
		};
		494E5BA12A6460FD00577BAB /* View */ = {
			isa = PBXGroup;
			children = (
				494E5B942A645FA600577BAB /* ContentView.swift */,
				494E5BAD2A6464C900577BAB /* HomeView.swift */,
				494E5BBD2A646B8400577BAB /* ScheduleView.swift */,
				494E5BC12A646C3400577BAB /* AllLecturesView.swift */,
				494E5BB82A646AA400577BAB /* DetailViews */,
				494E5BB12A6466AE00577BAB /* CustomViews */,
			);
			path = View;
			sourceTree = "<group>";
		};
		494E5BA22A64610500577BAB /* ViewModel */ = {
			isa = PBXGroup;
			children = (
				494E5BAB2A64631500577BAB /* ViewModel-ContentView.swift */,
				494E5BAF2A6464DA00577BAB /* ViewModel-HomeView.swift */,
				494E5BBF2A646B9A00577BAB /* ViewModel-ScheduleView.swift */,
				494E5BC32A646C4B00577BAB /* ViewModel-AllLecturesView.swift */,
			);
			path = ViewModel;
			sourceTree = "<group>";
		};
		494E5BB12A6466AE00577BAB /* CustomViews */ = {
			isa = PBXGroup;
			children = (
				494E5BB22A6466C600577BAB /* CircularProgressView.swift */,
				494E5BBB2A646B5A00577BAB /* LectureItemView.swift */,
			);
			path = CustomViews;
			sourceTree = "<group>";
		};
		494E5BB82A646AA400577BAB /* DetailViews */ = {
			isa = PBXGroup;
			children = (
				494E5BB42A64675C00577BAB /* SubjectDetailView.swift */,
				494E5BB92A646ADE00577BAB /* AddSubjectView.swift */,
			);
			path = DetailViews;
			sourceTree = "<group>";
		};
/* End PBXGroup section */

/* Begin PBXNativeTarget section */
		494E5B8E2A645FA600577BAB /* Attendulator */ = {
			isa = PBXNativeTarget;
			buildConfigurationList = 494E5B9D2A645FA800577BAB /* Build configuration list for PBXNativeTarget "Attendulator" */;
			buildPhases = (
				494E5B8B2A645FA600577BAB /* Sources */,
				494E5B8C2A645FA600577BAB /* Frameworks */,
				494E5B8D2A645FA600577BAB /* Resources */,
			);
			buildRules = (
			);
			dependencies = (
			);
			name = Attendulator;
			productName = Attendulator;
			productReference = 494E5B8F2A645FA600577BAB /* Attendulator.app */;
			productType = "com.apple.product-type.application";
		};
/* End PBXNativeTarget section */

/* Begin PBXProject section */
		494E5B872A645FA600577BAB /* Project object */ = {
			isa = PBXProject;
			attributes = {
				BuildIndependentTargetsInParallel = 1;
				LastSwiftUpdateCheck = 1430;
				LastUpgradeCheck = 1430;
				TargetAttributes = {
					494E5B8E2A645FA600577BAB = {
						CreatedOnToolsVersion = 14.3.1;
					};
				};
			};
			buildConfigurationList = 494E5B8A2A645FA600577BAB /* Build configuration list for PBXProject "Attendulator" */;
			compatibilityVersion = "Xcode 14.0";
			developmentRegion = en;
			hasScannedForEncodings = 0;
			knownRegions = (
				en,
				Base,
			);
			mainGroup = 494E5B862A645FA600577BAB;
			productRefGroup = 494E5B902A645FA600577BAB /* Products */;
			projectDirPath = "";
			projectRoot = "";
			targets = (
				494E5B8E2A645FA600577BAB /* Attendulator */,
			);
		};
/* End PBXProject section */

/* Begin PBXResourcesBuildPhase section */
		494E5B8D2A645FA600577BAB /* Resources */ = {
			isa = PBXResourcesBuildPhase;
			buildActionMask = 2147483647;
			files = (
				494E5B9A2A645FA800577BAB /* Preview Assets.xcassets in Resources */,
				494E5B972A645FA800577BAB /* Assets.xcassets in Resources */,
			);
			runOnlyForDeploymentPostprocessing = 0;
		};
/* End PBXResourcesBuildPhase section */

/* Begin PBXSourcesBuildPhase section */
		494E5B8B2A645FA600577BAB /* Sources */ = {
			isa = PBXSourcesBuildPhase;
			buildActionMask = 2147483647;
			files = (
				494E5BA62A64623600577BAB /* Lecture.swift in Sources */,
				494E5BB52A64675C00577BAB /* SubjectDetailView.swift in Sources */,
				494E5BAC2A64631500577BAB /* ViewModel-ContentView.swift in Sources */,
				494E5BBE2A646B8400577BAB /* ScheduleView.swift in Sources */,
				494E5BBA2A646ADE00577BAB /* AddSubjectView.swift in Sources */,
				494E5BAA2A64628700577BAB /* Semester.swift in Sources */,
				494E5B952A645FA600577BAB /* ContentView.swift in Sources */,
				494E5BC42A646C4B00577BAB /* ViewModel-AllLecturesView.swift in Sources */,
				494E5BA42A6461F300577BAB /* Subject.swift in Sources */,
				494E5BAE2A6464C900577BAB /* HomeView.swift in Sources */,
				494E5BB02A6464DA00577BAB /* ViewModel-HomeView.swift in Sources */,
				494E5BBC2A646B5A00577BAB /* LectureItemView.swift in Sources */,
				494E5BC22A646C3400577BAB /* AllLecturesView.swift in Sources */,
				494E5BA82A64627000577BAB /* Schedule.swift in Sources */,
				494E5BB32A6466C600577BAB /* CircularProgressView.swift in Sources */,
				494E5B932A645FA600577BAB /* AttendulatorApp.swift in Sources */,
				494E5BC02A646B9A00577BAB /* ViewModel-ScheduleView.swift in Sources */,
			);
			runOnlyForDeploymentPostprocessing = 0;
		};
/* End PBXSourcesBuildPhase section */

/* Begin XCBuildConfiguration section */
		494E5B9B2A645FA800577BAB /* Debug */ = {
			isa = XCBuildConfiguration;
			buildSettings = {
				ALWAYS_SEARCH_USER_PATHS = NO;
				CLANG_ANALYZER_NONNULL = YES;
				CLANG_ANALYZER_NUMBER_OBJECT_CONVERSION = YES_AGGRESSIVE;
				CLANG_CXX_LANGUAGE_STANDARD = "gnu++20";
				CLANG_ENABLE_MODULES = YES;
				CLANG_ENABLE_OBJC_ARC = YES;
				CLANG_ENABLE_OBJC_WEAK = YES;
				CLANG_WARN_BLOCK_CAPTURE_AUTORELEASING = YES;
				CLANG_WARN_BOOL_CONVERSION = YES;
				CLANG_WARN_COMMA = YES;
				CLANG_WARN_CONSTANT_CONVERSION = YES;
				CLANG_WARN_DEPRECATED_OBJC_IMPLEMENTATIONS = YES;
				CLANG_WARN_DIRECT_OBJC_ISA_USAGE = YES_ERROR;
				CLANG_WARN_DOCUMENTATION_COMMENTS = YES;
				CLANG_WARN_EMPTY_BODY = YES;
				CLANG_WARN_ENUM_CONVERSION = YES;
				CLANG_WARN_INFINITE_RECURSION = YES;
				CLANG_WARN_INT_CONVERSION = YES;
				CLANG_WARN_NON_LITERAL_NULL_CONVERSION = YES;
				CLANG_WARN_OBJC_IMPLICIT_RETAIN_SELF = YES;
				CLANG_WARN_OBJC_LITERAL_CONVERSION = YES;
				CLANG_WARN_OBJC_ROOT_CLASS = YES_ERROR;
				CLANG_WARN_QUOTED_INCLUDE_IN_FRAMEWORK_HEADER = YES;
				CLANG_WARN_RANGE_LOOP_ANALYSIS = YES;
				CLANG_WARN_STRICT_PROTOTYPES = YES;
				CLANG_WARN_SUSPICIOUS_MOVE = YES;
				CLANG_WARN_UNGUARDED_AVAILABILITY = YES_AGGRESSIVE;
				CLANG_WARN_UNREACHABLE_CODE = YES;
				CLANG_WARN__DUPLICATE_METHOD_MATCH = YES;
				COPY_PHASE_STRIP = NO;
				DEBUG_INFORMATION_FORMAT = dwarf;
				ENABLE_STRICT_OBJC_MSGSEND = YES;
				ENABLE_TESTABILITY = YES;
				GCC_C_LANGUAGE_STANDARD = gnu11;
				GCC_DYNAMIC_NO_PIC = NO;
				GCC_NO_COMMON_BLOCKS = YES;
				GCC_OPTIMIZATION_LEVEL = 0;
				GCC_PREPROCESSOR_DEFINITIONS = (
					"DEBUG=1",
					"$(inherited)",
				);
				GCC_WARN_64_TO_32_BIT_CONVERSION = YES;
				GCC_WARN_ABOUT_RETURN_TYPE = YES_ERROR;
				GCC_WARN_UNDECLARED_SELECTOR = YES;
				GCC_WARN_UNINITIALIZED_AUTOS = YES_AGGRESSIVE;
				GCC_WARN_UNUSED_FUNCTION = YES;
				GCC_WARN_UNUSED_VARIABLE = YES;
				IPHONEOS_DEPLOYMENT_TARGET = 16.4;
				MTL_ENABLE_DEBUG_INFO = INCLUDE_SOURCE;
				MTL_FAST_MATH = YES;
				ONLY_ACTIVE_ARCH = YES;
				SDKROOT = iphoneos;
				SWIFT_ACTIVE_COMPILATION_CONDITIONS = DEBUG;
				SWIFT_OPTIMIZATION_LEVEL = "-Onone";
			};
			name = Debug;
		};
		494E5B9C2A645FA800577BAB /* Release */ = {
			isa = XCBuildConfiguration;
			buildSettings = {
				ALWAYS_SEARCH_USER_PATHS = NO;
				CLANG_ANALYZER_NONNULL = YES;
				CLANG_ANALYZER_NUMBER_OBJECT_CONVERSION = YES_AGGRESSIVE;
				CLANG_CXX_LANGUAGE_STANDARD = "gnu++20";
				CLANG_ENABLE_MODULES = YES;
				CLANG_ENABLE_OBJC_ARC = YES;
				CLANG_ENABLE_OBJC_WEAK = YES;
				CLANG_WARN_BLOCK_CAPTURE_AUTORELEASING = YES;
				CLANG_WARN_BOOL_CONVERSION = YES;
				CLANG_WARN_COMMA = YES;
				CLANG_WARN_CONSTANT_CONVERSION = YES;
				CLANG_WARN_DEPRECATED_OBJC_IMPLEMENTATIONS = YES;
				CLANG_WARN_DIRECT_OBJC_ISA_USAGE = YES_ERROR;
				CLANG_WARN_DOCUMENTATION_COMMENTS = YES;
				CLANG_WARN_EMPTY_BODY = YES;
				CLANG_WARN_ENUM_CONVERSION = YES;
				CLANG_WARN_INFINITE_RECURSION = YES;
				CLANG_WARN_INT_CONVERSION = YES;
				CLANG_WARN_NON_LITERAL_NULL_CONVERSION = YES;
				CLANG_WARN_OBJC_IMPLICIT_RETAIN_SELF = YES;
				CLANG_WARN_OBJC_LITERAL_CONVERSION = YES;
				CLANG_WARN_OBJC_ROOT_CLASS = YES_ERROR;
				CLANG_WARN_QUOTED_INCLUDE_IN_FRAMEWORK_HEADER = YES;
				CLANG_WARN_RANGE_LOOP_ANALYSIS = YES;
				CLANG_WARN_STRICT_PROTOTYPES = YES;
				CLANG_WARN_SUSPICIOUS_MOVE = YES;
				CLANG_WARN_UNGUARDED_AVAILABILITY = YES_AGGRESSIVE;
				CLANG_WARN_UNREACHABLE_CODE = YES;
				CLANG_WARN__DUPLICATE_METHOD_MATCH = YES;
				COPY_PHASE_STRIP = NO;
				DEBUG_INFORMATION_FORMAT = "dwarf-with-dsym";
				ENABLE_NS_ASSERTIONS = NO;
				ENABLE_STRICT_OBJC_MSGSEND = YES;
				GCC_C_LANGUAGE_STANDARD = gnu11;
				GCC_NO_COMMON_BLOCKS = YES;
				GCC_WARN_64_TO_32_BIT_CONVERSION = YES;
				GCC_WARN_ABOUT_RETURN_TYPE = YES_ERROR;
				GCC_WARN_UNDECLARED_SELECTOR = YES;
				GCC_WARN_UNINITIALIZED_AUTOS = YES_AGGRESSIVE;
				GCC_WARN_UNUSED_FUNCTION = YES;
				GCC_WARN_UNUSED_VARIABLE = YES;
				IPHONEOS_DEPLOYMENT_TARGET = 16.4;
				MTL_ENABLE_DEBUG_INFO = NO;
				MTL_FAST_MATH = YES;
				SDKROOT = iphoneos;
				SWIFT_COMPILATION_MODE = wholemodule;
				SWIFT_OPTIMIZATION_LEVEL = "-O";
				VALIDATE_PRODUCT = YES;
			};
			name = Release;
		};
		494E5B9E2A645FA800577BAB /* Debug */ = {
			isa = XCBuildConfiguration;
			buildSettings = {
				ASSETCATALOG_COMPILER_APPICON_NAME = AppIcon;
				ASSETCATALOG_COMPILER_GLOBAL_ACCENT_COLOR_NAME = AccentColor;
				CODE_SIGN_STYLE = Automatic;
				CURRENT_PROJECT_VERSION = 1;
				DEVELOPMENT_ASSET_PATHS = "\"Attendulator/Preview Content\"";
				ENABLE_PREVIEWS = YES;
				GENERATE_INFOPLIST_FILE = YES;
				INFOPLIST_KEY_UIApplicationSceneManifest_Generation = YES;
				INFOPLIST_KEY_UIApplicationSupportsIndirectInputEvents = YES;
				INFOPLIST_KEY_UILaunchScreen_Generation = YES;
				INFOPLIST_KEY_UISupportedInterfaceOrientations_iPad = "UIInterfaceOrientationPortrait UIInterfaceOrientationPortraitUpsideDown UIInterfaceOrientationLandscapeLeft UIInterfaceOrientationLandscapeRight";
				INFOPLIST_KEY_UISupportedInterfaceOrientations_iPhone = "UIInterfaceOrientationPortrait UIInterfaceOrientationLandscapeLeft UIInterfaceOrientationLandscapeRight";
				LD_RUNPATH_SEARCH_PATHS = (
					"$(inherited)",
					"@executable_path/Frameworks",
				);
				MARKETING_VERSION = 1.0;
				PRODUCT_BUNDLE_IDENTIFIER = com.JB.Attendulator;
				PRODUCT_NAME = "$(TARGET_NAME)";
				SWIFT_EMIT_LOC_STRINGS = YES;
				SWIFT_VERSION = 5.0;
				TARGETED_DEVICE_FAMILY = "1,2";
			};
			name = Debug;
		};
		494E5B9F2A645FA800577BAB /* Release */ = {
			isa = XCBuildConfiguration;
			buildSettings = {
				ASSETCATALOG_COMPILER_APPICON_NAME = AppIcon;
				ASSETCATALOG_COMPILER_GLOBAL_ACCENT_COLOR_NAME = AccentColor;
				CODE_SIGN_STYLE = Automatic;
				CURRENT_PROJECT_VERSION = 1;
				DEVELOPMENT_ASSET_PATHS = "\"Attendulator/Preview Content\"";
				ENABLE_PREVIEWS = YES;
				GENERATE_INFOPLIST_FILE = YES;
				INFOPLIST_KEY_UIApplicationSceneManifest_Generation = YES;
				INFOPLIST_KEY_UIApplicationSupportsIndirectInputEvents = YES;
				INFOPLIST_KEY_UILaunchScreen_Generation = YES;
				INFOPLIST_KEY_UISupportedInterfaceOrientations_iPad = "UIInterfaceOrientationPortrait UIInterfaceOrientationPortraitUpsideDown UIInterfaceOrientationLandscapeLeft UIInterfaceOrientationLandscapeRight";
				INFOPLIST_KEY_UISupportedInterfaceOrientations_iPhone = "UIInterfaceOrientationPortrait UIInterfaceOrientationLandscapeLeft UIInterfaceOrientationLandscapeRight";
				LD_RUNPATH_SEARCH_PATHS = (
					"$(inherited)",
					"@executable_path/Frameworks",
				);
				MARKETING_VERSION = 1.0;
				PRODUCT_BUNDLE_IDENTIFIER = com.JB.Attendulator;
				PRODUCT_NAME = "$(TARGET_NAME)";
				SWIFT_EMIT_LOC_STRINGS = YES;
				SWIFT_VERSION = 5.0;
				TARGETED_DEVICE_FAMILY = "1,2";
			};
			name = Release;
		};
/* End XCBuildConfiguration section */

/* Begin XCConfigurationList section */
		494E5B8A2A645FA600577BAB /* Build configuration list for PBXProject "Attendulator" */ = {
			isa = XCConfigurationList;
			buildConfigurations = (
				494E5B9B2A645FA800577BAB /* Debug */,
				494E5B9C2A645FA800577BAB /* Release */,
			);
			defaultConfigurationIsVisible = 0;
			defaultConfigurationName = Release;
		};
		494E5B9D2A645FA800577BAB /* Build configuration list for PBXNativeTarget "Attendulator" */ = {
			isa = XCConfigurationList;
			buildConfigurations = (
				494E5B9E2A645FA800577BAB /* Debug */,
				494E5B9F2A645FA800577BAB /* Release */,
			);
			defaultConfigurationIsVisible = 0;
			defaultConfigurationName = Release;
		};
/* End XCConfigurationList section */
	};
	rootObject = 494E5B872A645FA600577BAB /* Project object */;
}
